{
    "name": "db-trigger",
    "version": "0.0.0",
    "lockfileVersion": 2,
    "requires": true,
    "packages": {
        "": {
            "name": "db-trigger",
            "version": "0.0.0",
            "license": "Apache-2.0",
            "dependencies": {
                "@mcma/aws-dynamodb": "0.15.0",
                "@mcma/aws-logger": "0.15.0",
                "@mcma/aws-s3": "0.15.0",
                "@mcma/core": "0.15.0",
                "@mcma/data": "0.15.0",
                "aws-sdk": "^2.1000.0",
                "aws-xray-sdk-core": "^3.3.4"
            },
            "devDependencies": {
                "@types/aws-lambda": "^8.10.85",
                "@types/node": "^16.11.60"
            }
        },
        "node_modules/@aws-sdk/service-error-classification": {
            "version": "3.55.0",
            "resolved": "https://registry.npmjs.org/@aws-sdk/service-error-classification/-/service-error-classification-3.55.0.tgz",
            "integrity": "sha512-HdjnDyarsa1Avq1MJurkLyEe9c3eRa76dPmK4TmRGgwJ+tInEzGHL0rBW7V8xBK+PDF+fJQ71hvm8jPYmzvBwQ==",
            "license": "Apache-2.0",
            "engines": {
                "node": ">= 12.0.0"
            }
        },
        "node_modules/@aws-sdk/types": {
            "version": "3.55.0",
            "resolved": "https://registry.npmjs.org/@aws-sdk/types/-/types-3.55.0.tgz",
            "integrity": "sha512-wrDZjuy1CVAYxDCbm3bWQIKMGfNs7XXmG0eG4858Ixgqmq2avsIn5TORy8ynBxcXn9aekV/+tGEQ7BBSYzIVNQ==",
            "license": "Apache-2.0",
            "engines": {
                "node": ">= 12.0.0"
            }
        },
        "node_modules/@mcma/aws-dynamodb": {
            "version": "0.15.0",
            "resolved": "https://registry.npmjs.org/@mcma/aws-dynamodb/-/aws-dynamodb-0.15.0.tgz",
            "integrity": "sha512-mgegt3OsAMMZWP3bQBVPCLzTf/PnYbOljpTLbaYB0vecGYYyO2ubI8HunhDzdXErZteZ5J6WaMlVm50P+wjpCw==",
            "dependencies": {
                "aws-sdk": "^2.1000.0"
            },
            "engines": {
                "node": "^16.0.0"
            },
            "peerDependencies": {
                "@mcma/core": "0.15.0",
                "@mcma/data": "0.15.0"
            }
        },
        "node_modules/@mcma/aws-logger": {
            "version": "0.15.0",
            "resolved": "https://registry.npmjs.org/@mcma/aws-logger/-/aws-logger-0.15.0.tgz",
            "integrity": "sha512-pESRF4MyMfEyC38zfhNr83vPM7/Inz3pVP4nYi2WilmbhKvOuYVWVNlkSZ32mkYIUaZAA38iWtYHlpgPOUAJWg==",
            "dependencies": {
                "aws-sdk": "^2.1000.0",
                "uuid": "^7.0.3"
            },
            "engines": {
                "node": "^16.0.0"
            },
            "peerDependencies": {
                "@mcma/core": "0.15.0"
            }
        },
        "node_modules/@mcma/aws-s3": {
            "version": "0.15.0",
            "resolved": "https://registry.npmjs.org/@mcma/aws-s3/-/aws-s3-0.15.0.tgz",
            "integrity": "sha512-1oT31yb6cIuzApYveleBhx+2+CGOCvTPapNnjOZX3CiZqmoLy43d5JUYek1c/2GuvulEsfkGDnXNis6T1f6HIQ==",
            "dependencies": {
                "aws-sdk": "^2.1000.0"
            },
            "engines": {
                "node": "^16.0.0"
            },
            "peerDependencies": {
                "@mcma/core": "0.15.0"
            }
        },
        "node_modules/@mcma/core": {
            "version": "0.15.0",
            "resolved": "https://registry.npmjs.org/@mcma/core/-/core-0.15.0.tgz",
            "integrity": "sha512-HEtyGJX4lAeq9XiFtWChdmTQonR3Q021fun4ux2+1qz3mpazoXMG1MKZ85jmH6+CFMq4cXm3QJAllQZc1UM0Yw==",
            "dependencies": {
                "uuid": "^7.0.3"
            },
            "engines": {
                "node": "^16.0.0"
            }
        },
        "node_modules/@mcma/data": {
            "version": "0.15.0",
            "resolved": "https://registry.npmjs.org/@mcma/data/-/data-0.15.0.tgz",
            "integrity": "sha512-BlK8rlalm3Wka3rAagP1x/IRnK3PL1mG/rRm1RiubSGEymAss290IUSgTCj33SwP3xOgUpupKpBl3HpNmXWFog==",
            "engines": {
                "node": "^16.0.0"
            },
            "peerDependencies": {
                "@mcma/core": "0.15.0"
            }
        },
        "node_modules/@types/aws-lambda": {
            "version": "8.10.85",
            "resolved": "http://localhost:4873/@types%2faws-lambda/-/aws-lambda-8.10.85.tgz",
            "integrity": "sha512-cMRXVxb+NMb6EekKel1fPBfz2ZqE5cGhIS14G7FVUM4Bqilx0lHKnZbsDLWLSeckDpkvlp5six2F7UWyEEJSoQ==",
            "dev": true,
            "license": "MIT"
        },
        "node_modules/@types/cls-hooked": {
            "version": "4.3.3",
            "resolved": "http://localhost:4873/@types%2fcls-hooked/-/cls-hooked-4.3.3.tgz",
            "integrity": "sha512-gNstDTb/ty5h6gJd6YpSPgsLX9LmRpaKJqGFp7MRlYxhwp4vXXKlJ9+bt1TZ9KbVNXE+Mbxy2AYXcpY21DDtJw==",
            "license": "MIT",
            "dependencies": {
                "@types/node": "*"
            }
        },
        "node_modules/@types/node": {
            "version": "16.18.21",
            "resolved": "http://localhost:4873/@types%2fnode/-/node-16.18.21.tgz",
            "integrity": "sha512-TassPGd0AEZWA10qcNnXnSNwHlLfSth8XwUaWc3gTSDmBz/rKb613Qw5qRf6o2fdRBrLbsgeC9PMZshobkuUqg==",
            "license": "MIT"
        },
        "node_modules/async-hook-jl": {
            "version": "1.7.6",
            "resolved": "http://localhost:4873/async-hook-jl/-/async-hook-jl-1.7.6.tgz",
            "integrity": "sha512-gFaHkFfSxTjvoxDMYqDuGHlcRyUuamF8s+ZTtJdDzqjws4mCt7v0vuV79/E2Wr2/riMQgtG4/yUtXWs1gZ7JMg==",
            "license": "MIT",
            "dependencies": {
                "stack-chain": "^1.3.7"
            },
            "engines": {
                "node": "^4.7 || >=6.9 || >=7.3"
            }
        },
        "node_modules/atomic-batcher": {
            "version": "1.0.2",
            "resolved": "http://localhost:4873/atomic-batcher/-/atomic-batcher-1.0.2.tgz",
            "integrity": "sha1-0WkB0QzOxZUWwZe5zNiTBom4E7Q=",
            "license": "MIT"
        },
        "node_modules/aws-sdk": {
            "version": "2.1023.0",
            "resolved": "http://localhost:4873/aws-sdk/-/aws-sdk-2.1023.0.tgz",
            "integrity": "sha512-RAI8sUfK+00yL9i3xz5kbM3+t/0mjjnKhKyauXAlJN4seDYtIX5+BqMghpkZwvLBdi6idXIuz+FHWETHZccyuA==",
            "license": "Apache-2.0",
            "dependencies": {
                "buffer": "4.9.2",
                "events": "1.1.1",
                "ieee754": "1.1.13",
                "jmespath": "0.15.0",
                "querystring": "0.2.0",
                "sax": "1.2.1",
                "url": "0.10.3",
                "uuid": "3.3.2",
                "xml2js": "0.4.19"
            },
            "engines": {
                "node": ">= 10.0.0"
            }
        },
        "node_modules/aws-sdk/node_modules/uuid": {
            "version": "3.3.2",
            "resolved": "http://localhost:4873/uuid/-/uuid-3.3.2.tgz",
            "integrity": "sha512-yXJmeNaw3DnnKAOKJE51sL/ZaYfWJRl1pK9dr19YFCu0ObS231AB1/LbqTKRAQ5kw8A90rA6fr4riOUpTZvQZA==",
            "deprecated": "Please upgrade  to version 7 or higher.  Older versions may use Math.random() in certain circumstances, which is known to be problematic.  See https://v8.dev/blog/math-random for details.",
            "license": "MIT",
            "bin": {
                "uuid": "bin/uuid"
            }
        },
        "node_modules/aws-xray-sdk-core": {
            "version": "3.3.4",
            "resolved": "https://registry.npmjs.org/aws-xray-sdk-core/-/aws-xray-sdk-core-3.3.4.tgz",
            "integrity": "sha512-GGnYAQgtclLHIBReOtsUgbDDCar0LR2TaHCWlQhPrEVVayrSAZQ4y+SlXN5YIadxMec4/f5dbF69wMbug9D5Ww==",
            "license": "Apache-2.0",
            "dependencies": {
                "@aws-sdk/service-error-classification": "^3.4.1",
                "@aws-sdk/types": "^3.4.1",
                "@types/cls-hooked": "^4.3.3",
                "atomic-batcher": "^1.0.2",
                "cls-hooked": "^4.2.2",
                "semver": "^5.3.0"
            },
            "engines": {
                "node": ">= 10.x"
            }
        },
        "node_modules/base64-js": {
            "version": "1.5.1",
            "resolved": "http://localhost:4873/base64-js/-/base64-js-1.5.1.tgz",
            "integrity": "sha512-AKpaYlHn8t4SVbOHCy+b5+KKgvR4vrsD8vbvrbiQJps7fKDTkjkDry6ji0rUJjC0kzbNePLwzxq8iypo41qeWA==",
            "funding": [
                {
                    "type": "github",
                    "url": "https://github.com/sponsors/feross"
                },
                {
                    "type": "patreon",
                    "url": "https://www.patreon.com/feross"
                },
                {
                    "type": "consulting",
                    "url": "https://feross.org/support"
                }
            ],
            "license": "MIT"
        },
        "node_modules/buffer": {
            "version": "4.9.2",
            "resolved": "http://localhost:4873/buffer/-/buffer-4.9.2.tgz",
            "integrity": "sha512-xq+q3SRMOxGivLhBNaUdC64hDTQwejJ+H0T/NB1XMtTVEwNTrfFF3gAxiyW0Bu/xWEGhjVKgUcMhCrUy2+uCWg==",
            "license": "MIT",
            "dependencies": {
                "base64-js": "^1.0.2",
                "ieee754": "^1.1.4",
                "isarray": "^1.0.0"
            }
        },
        "node_modules/cls-hooked": {
            "version": "4.2.2",
            "resolved": "http://localhost:4873/cls-hooked/-/cls-hooked-4.2.2.tgz",
            "integrity": "sha512-J4Xj5f5wq/4jAvcdgoGsL3G103BtWpZrMo8NEinRltN+xpTZdI+M38pyQqhuFU/P792xkMFvnKSf+Lm81U1bxw==",
            "license": "BSD-2-Clause",
            "dependencies": {
                "async-hook-jl": "^1.7.6",
                "emitter-listener": "^1.0.1",
                "semver": "^5.4.1"
            },
            "engines": {
                "node": "^4.7 || >=6.9 || >=7.3 || >=8.2.1"
            }
        },
        "node_modules/emitter-listener": {
            "version": "1.1.2",
            "resolved": "http://localhost:4873/emitter-listener/-/emitter-listener-1.1.2.tgz",
            "integrity": "sha512-Bt1sBAGFHY9DKY+4/2cV6izcKJUf5T7/gkdmkxzX/qv9CcGH8xSwVRW5mtX03SWJtRTWSOpzCuWN9rBFYZepZQ==",
            "license": "BSD-2-Clause",
            "dependencies": {
                "shimmer": "^1.2.0"
            }
        },
        "node_modules/events": {
            "version": "1.1.1",
            "resolved": "http://localhost:4873/events/-/events-1.1.1.tgz",
            "integrity": "sha1-nr23Y1rQmccNzEwqH1AEKI6L2SQ=",
            "license": "MIT",
            "engines": {
                "node": ">=0.4.x"
            }
        },
        "node_modules/ieee754": {
            "version": "1.1.13",
            "resolved": "http://localhost:4873/ieee754/-/ieee754-1.1.13.tgz",
            "integrity": "sha512-4vf7I2LYV/HaWerSo3XmlMkp5eZ83i+/CDluXi/IGTs/O1sejBNhTtnxzmRZfvOUqj7lZjqHkeTvpgSFDlWZTg==",
            "license": "BSD-3-Clause"
        },
        "node_modules/isarray": {
            "version": "1.0.0",
            "resolved": "http://localhost:4873/isarray/-/isarray-1.0.0.tgz",
            "integrity": "sha1-u5NdSFgsuhaMBoNJV6VKPgcSTxE=",
            "license": "MIT"
        },
        "node_modules/jmespath": {
            "version": "0.15.0",
            "resolved": "http://localhost:4873/jmespath/-/jmespath-0.15.0.tgz",
            "integrity": "sha1-o/Iiqarp+Wb10nx5ZRDigJF2Qhc=",
            "engines": {
                "node": ">= 0.6.0"
            }
        },
        "node_modules/punycode": {
            "version": "1.3.2",
            "resolved": "http://localhost:4873/punycode/-/punycode-1.3.2.tgz",
            "integrity": "sha1-llOgNvt8HuQjQvIyXM7v6jkmxI0=",
            "license": "MIT"
        },
        "node_modules/querystring": {
            "version": "0.2.0",
            "resolved": "http://localhost:4873/querystring/-/querystring-0.2.0.tgz",
            "integrity": "sha1-sgmEkgO7Jd+CDadW50cAWHhSFiA=",
            "engines": {
                "node": ">=0.4.x"
            }
        },
        "node_modules/sax": {
            "version": "1.2.1",
            "resolved": "http://localhost:4873/sax/-/sax-1.2.1.tgz",
            "integrity": "sha1-e45lYZCyKOgaZq6nSEgNgozS03o=",
            "license": "ISC"
        },
        "node_modules/semver": {
            "version": "5.7.1",
            "resolved": "http://localhost:4873/semver/-/semver-5.7.1.tgz",
            "integrity": "sha512-sauaDf/PZdVgrLTNYHRtpXa1iRiKcaebiKQ1BJdpQlWH2lCvexQdX55snPFyK7QzpudqbCI0qXFfOasHdyNDGQ==",
            "license": "ISC",
            "bin": {
                "semver": "bin/semver"
            }
        },
        "node_modules/shimmer": {
            "version": "1.2.1",
            "resolved": "http://localhost:4873/shimmer/-/shimmer-1.2.1.tgz",
            "integrity": "sha512-sQTKC1Re/rM6XyFM6fIAGHRPVGvyXfgzIDvzoq608vM+jeyVD0Tu1E6Np0Kc2zAIFWIj963V2800iF/9LPieQw==",
            "license": "BSD-2-Clause"
        },
        "node_modules/stack-chain": {
            "version": "1.3.7",
            "resolved": "http://localhost:4873/stack-chain/-/stack-chain-1.3.7.tgz",
            "integrity": "sha1-0ZLJ/06moiyUxN1FkXHj8AzqEoU=",
            "license": "MIT"
        },
        "node_modules/url": {
            "version": "0.10.3",
            "resolved": "http://localhost:4873/url/-/url-0.10.3.tgz",
            "integrity": "sha1-Ah5NnHcF8hu/N9A861h2dAJ3TGQ=",
            "license": "MIT",
            "dependencies": {
                "punycode": "1.3.2",
                "querystring": "0.2.0"
            }
        },
        "node_modules/uuid": {
            "version": "7.0.3",
            "resolved": "https://registry.npmjs.org/uuid/-/uuid-7.0.3.tgz",
            "integrity": "sha512-DPSke0pXhTZgoF/d+WSt2QaKMCFSfx7QegxEWT+JOuHF5aWrKEn0G+ztjuJg/gG8/ItK+rbPCD/yNv8yyih6Cg==",
            "license": "MIT",
            "bin": {
                "uuid": "dist/bin/uuid"
            }
        },
        "node_modules/xml2js": {
            "version": "0.4.19",
            "resolved": "http://localhost:4873/xml2js/-/xml2js-0.4.19.tgz",
            "integrity": "sha512-esZnJZJOiJR9wWKMyuvSE1y6Dq5LCuJanqhxslH2bxM6duahNZ+HMpCLhBQGZkbX6xRf8x1Y2eJlgt2q3qo49Q==",
            "license": "MIT",
            "dependencies": {
                "sax": ">=0.6.0",
                "xmlbuilder": "~9.0.1"
            }
        },
        "node_modules/xmlbuilder": {
            "version": "9.0.7",
            "resolved": "http://localhost:4873/xmlbuilder/-/xmlbuilder-9.0.7.tgz",
            "integrity": "sha1-Ey7mPS7FVlxVfiD0wi35rKaGsQ0=",
            "license": "MIT",
            "engines": {
                "node": ">=4.0"
            }
        }
    },
    "dependencies": {
        "@aws-sdk/service-error-classification": {
            "version": "3.55.0",
            "resolved": "https://registry.npmjs.org/@aws-sdk/service-error-classification/-/service-error-classification-3.55.0.tgz",
            "integrity": "sha512-HdjnDyarsa1Avq1MJurkLyEe9c3eRa76dPmK4TmRGgwJ+tInEzGHL0rBW7V8xBK+PDF+fJQ71hvm8jPYmzvBwQ=="
        },
        "@aws-sdk/types": {
            "version": "3.55.0",
            "resolved": "https://registry.npmjs.org/@aws-sdk/types/-/types-3.55.0.tgz",
            "integrity": "sha512-wrDZjuy1CVAYxDCbm3bWQIKMGfNs7XXmG0eG4858Ixgqmq2avsIn5TORy8ynBxcXn9aekV/+tGEQ7BBSYzIVNQ=="
        },
        "@mcma/aws-dynamodb": {
            "version": "0.15.0",
            "resolved": "https://registry.npmjs.org/@mcma/aws-dynamodb/-/aws-dynamodb-0.15.0.tgz",
            "integrity": "sha512-mgegt3OsAMMZWP3bQBVPCLzTf/PnYbOljpTLbaYB0vecGYYyO2ubI8HunhDzdXErZteZ5J6WaMlVm50P+wjpCw==",
            "requires": {
                "aws-sdk": "^2.1000.0"
            }
        },
        "@mcma/aws-logger": {
            "version": "0.15.0",
            "resolved": "https://registry.npmjs.org/@mcma/aws-logger/-/aws-logger-0.15.0.tgz",
            "integrity": "sha512-pESRF4MyMfEyC38zfhNr83vPM7/Inz3pVP4nYi2WilmbhKvOuYVWVNlkSZ32mkYIUaZAA38iWtYHlpgPOUAJWg==",
            "requires": {
                "aws-sdk": "^2.1000.0",
                "uuid": "^7.0.3"
            }
        },
        "@mcma/aws-s3": {
            "version": "0.15.0",
            "resolved": "https://registry.npmjs.org/@mcma/aws-s3/-/aws-s3-0.15.0.tgz",
            "integrity": "sha512-1oT31yb6cIuzApYveleBhx+2+CGOCvTPapNnjOZX3CiZqmoLy43d5JUYek1c/2GuvulEsfkGDnXNis6T1f6HIQ==",
            "requires": {
                "aws-sdk": "^2.1000.0"
            }
        },
        "@mcma/core": {
            "version": "0.15.0",
            "resolved": "https://registry.npmjs.org/@mcma/core/-/core-0.15.0.tgz",
            "integrity": "sha512-HEtyGJX4lAeq9XiFtWChdmTQonR3Q021fun4ux2+1qz3mpazoXMG1MKZ85jmH6+CFMq4cXm3QJAllQZc1UM0Yw==",
            "requires": {
                "uuid": "^7.0.3"
            }
        },
        "@mcma/data": {
            "version": "0.15.0",
            "resolved": "https://registry.npmjs.org/@mcma/data/-/data-0.15.0.tgz",
            "integrity": "sha512-BlK8rlalm3Wka3rAagP1x/IRnK3PL1mG/rRm1RiubSGEymAss290IUSgTCj33SwP3xOgUpupKpBl3HpNmXWFog==",
            "requires": {}
        },
        "@types/aws-lambda": {
            "version": "8.10.85",
            "resolved": "http://localhost:4873/@types%2faws-lambda/-/aws-lambda-8.10.85.tgz",
            "integrity": "sha512-cMRXVxb+NMb6EekKel1fPBfz2ZqE5cGhIS14G7FVUM4Bqilx0lHKnZbsDLWLSeckDpkvlp5six2F7UWyEEJSoQ==",
            "dev": true
        },
        "@types/cls-hooked": {
            "version": "4.3.3",
            "resolved": "http://localhost:4873/@types%2fcls-hooked/-/cls-hooked-4.3.3.tgz",
            "integrity": "sha512-gNstDTb/ty5h6gJd6YpSPgsLX9LmRpaKJqGFp7MRlYxhwp4vXXKlJ9+bt1TZ9KbVNXE+Mbxy2AYXcpY21DDtJw==",
            "requires": {
                "@types/node": "*"
            }
        },
        "@types/node": {
            "version": "16.18.21",
            "resolved": "http://localhost:4873/@types%2fnode/-/node-16.18.21.tgz",
            "integrity": "sha512-TassPGd0AEZWA10qcNnXnSNwHlLfSth8XwUaWc3gTSDmBz/rKb613Qw5qRf6o2fdRBrLbsgeC9PMZshobkuUqg=="
        },
        "async-hook-jl": {
            "version": "1.7.6",
            "resolved": "http://localhost:4873/async-hook-jl/-/async-hook-jl-1.7.6.tgz",
            "integrity": "sha512-gFaHkFfSxTjvoxDMYqDuGHlcRyUuamF8s+ZTtJdDzqjws4mCt7v0vuV79/E2Wr2/riMQgtG4/yUtXWs1gZ7JMg==",
            "requires": {
                "stack-chain": "^1.3.7"
            }
        },
        "atomic-batcher": {
            "version": "1.0.2",
            "resolved": "http://localhost:4873/atomic-batcher/-/atomic-batcher-1.0.2.tgz",
            "integrity": "sha1-0WkB0QzOxZUWwZe5zNiTBom4E7Q="
        },
        "aws-sdk": {
            "version": "2.1023.0",
            "resolved": "http://localhost:4873/aws-sdk/-/aws-sdk-2.1023.0.tgz",
            "integrity": "sha512-RAI8sUfK+00yL9i3xz5kbM3+t/0mjjnKhKyauXAlJN4seDYtIX5+BqMghpkZwvLBdi6idXIuz+FHWETHZccyuA==",
            "requires": {
                "buffer": "4.9.2",
                "events": "1.1.1",
                "ieee754": "1.1.13",
                "jmespath": "0.15.0",
                "querystring": "0.2.0",
                "sax": "1.2.1",
                "url": "0.10.3",
                "uuid": "3.3.2",
                "xml2js": "0.4.19"
            },
            "dependencies": {
                "uuid": {
                    "version": "3.3.2",
                    "resolved": "http://localhost:4873/uuid/-/uuid-3.3.2.tgz",
                    "integrity": "sha512-yXJmeNaw3DnnKAOKJE51sL/ZaYfWJRl1pK9dr19YFCu0ObS231AB1/LbqTKRAQ5kw8A90rA6fr4riOUpTZvQZA=="
                }
            }
        },
        "aws-xray-sdk-core": {
            "version": "3.3.4",
            "resolved": "https://registry.npmjs.org/aws-xray-sdk-core/-/aws-xray-sdk-core-3.3.4.tgz",
            "integrity": "sha512-GGnYAQgtclLHIBReOtsUgbDDCar0LR2TaHCWlQhPrEVVayrSAZQ4y+SlXN5YIadxMec4/f5dbF69wMbug9D5Ww==",
            "requires": {
                "@aws-sdk/service-error-classification": "^3.4.1",
                "@aws-sdk/types": "^3.4.1",
                "@types/cls-hooked": "^4.3.3",
                "atomic-batcher": "^1.0.2",
                "cls-hooked": "^4.2.2",
                "semver": "^5.3.0"
            }
        },
        "base64-js": {
            "version": "1.5.1",
            "resolved": "http://localhost:4873/base64-js/-/base64-js-1.5.1.tgz",
            "integrity": "sha512-AKpaYlHn8t4SVbOHCy+b5+KKgvR4vrsD8vbvrbiQJps7fKDTkjkDry6ji0rUJjC0kzbNePLwzxq8iypo41qeWA=="
        },
        "buffer": {
            "version": "4.9.2",
            "resolved": "http://localhost:4873/buffer/-/buffer-4.9.2.tgz",
            "integrity": "sha512-xq+q3SRMOxGivLhBNaUdC64hDTQwejJ+H0T/NB1XMtTVEwNTrfFF3gAxiyW0Bu/xWEGhjVKgUcMhCrUy2+uCWg==",
            "requires": {
                "base64-js": "^1.0.2",
                "ieee754": "^1.1.4",
                "isarray": "^1.0.0"
            }
        },
        "cls-hooked": {
            "version": "4.2.2",
            "resolved": "http://localhost:4873/cls-hooked/-/cls-hooked-4.2.2.tgz",
            "integrity": "sha512-J4Xj5f5wq/4jAvcdgoGsL3G103BtWpZrMo8NEinRltN+xpTZdI+M38pyQqhuFU/P792xkMFvnKSf+Lm81U1bxw==",
            "requires": {
                "async-hook-jl": "^1.7.6",
                "emitter-listener": "^1.0.1",
                "semver": "^5.4.1"
            }
        },
        "emitter-listener": {
            "version": "1.1.2",
            "resolved": "http://localhost:4873/emitter-listener/-/emitter-listener-1.1.2.tgz",
            "integrity": "sha512-Bt1sBAGFHY9DKY+4/2cV6izcKJUf5T7/gkdmkxzX/qv9CcGH8xSwVRW5mtX03SWJtRTWSOpzCuWN9rBFYZepZQ==",
            "requires": {
                "shimmer": "^1.2.0"
            }
        },
        "events": {
            "version": "1.1.1",
            "resolved": "http://localhost:4873/events/-/events-1.1.1.tgz",
            "integrity": "sha1-nr23Y1rQmccNzEwqH1AEKI6L2SQ="
        },
        "ieee754": {
            "version": "1.1.13",
            "resolved": "http://localhost:4873/ieee754/-/ieee754-1.1.13.tgz",
            "integrity": "sha512-4vf7I2LYV/HaWerSo3XmlMkp5eZ83i+/CDluXi/IGTs/O1sejBNhTtnxzmRZfvOUqj7lZjqHkeTvpgSFDlWZTg=="
        },
        "isarray": {
            "version": "1.0.0",
            "resolved": "http://localhost:4873/isarray/-/isarray-1.0.0.tgz",
            "integrity": "sha1-u5NdSFgsuhaMBoNJV6VKPgcSTxE="
        },
        "jmespath": {
            "version": "0.15.0",
            "resolved": "http://localhost:4873/jmespath/-/jmespath-0.15.0.tgz",
            "integrity": "sha1-o/Iiqarp+Wb10nx5ZRDigJF2Qhc="
        },
        "punycode": {
            "version": "1.3.2",
            "resolved": "http://localhost:4873/punycode/-/punycode-1.3.2.tgz",
            "integrity": "sha1-llOgNvt8HuQjQvIyXM7v6jkmxI0="
        },
        "querystring": {
            "version": "0.2.0",
            "resolved": "http://localhost:4873/querystring/-/querystring-0.2.0.tgz",
            "integrity": "sha1-sgmEkgO7Jd+CDadW50cAWHhSFiA="
        },
        "sax": {
            "version": "1.2.1",
            "resolved": "http://localhost:4873/sax/-/sax-1.2.1.tgz",
            "integrity": "sha1-e45lYZCyKOgaZq6nSEgNgozS03o="
        },
        "semver": {
            "version": "5.7.1",
            "resolved": "http://localhost:4873/semver/-/semver-5.7.1.tgz",
            "integrity": "sha512-sauaDf/PZdVgrLTNYHRtpXa1iRiKcaebiKQ1BJdpQlWH2lCvexQdX55snPFyK7QzpudqbCI0qXFfOasHdyNDGQ=="
        },
        "shimmer": {
            "version": "1.2.1",
            "resolved": "http://localhost:4873/shimmer/-/shimmer-1.2.1.tgz",
            "integrity": "sha512-sQTKC1Re/rM6XyFM6fIAGHRPVGvyXfgzIDvzoq608vM+jeyVD0Tu1E6Np0Kc2zAIFWIj963V2800iF/9LPieQw=="
        },
        "stack-chain": {
            "version": "1.3.7",
            "resolved": "http://localhost:4873/stack-chain/-/stack-chain-1.3.7.tgz",
            "integrity": "sha1-0ZLJ/06moiyUxN1FkXHj8AzqEoU="
        },
        "url": {
            "version": "0.10.3",
            "resolved": "http://localhost:4873/url/-/url-0.10.3.tgz",
            "integrity": "sha1-Ah5NnHcF8hu/N9A861h2dAJ3TGQ=",
            "requires": {
                "punycode": "1.3.2",
                "querystring": "0.2.0"
            }
        },
        "uuid": {
            "version": "7.0.3",
            "resolved": "https://registry.npmjs.org/uuid/-/uuid-7.0.3.tgz",
            "integrity": "sha512-DPSke0pXhTZgoF/d+WSt2QaKMCFSfx7QegxEWT+JOuHF5aWrKEn0G+ztjuJg/gG8/ItK+rbPCD/yNv8yyih6Cg=="
        },
        "xml2js": {
            "version": "0.4.19",
            "resolved": "http://localhost:4873/xml2js/-/xml2js-0.4.19.tgz",
            "integrity": "sha512-esZnJZJOiJR9wWKMyuvSE1y6Dq5LCuJanqhxslH2bxM6duahNZ+HMpCLhBQGZkbX6xRf8x1Y2eJlgt2q3qo49Q==",
            "requires": {
                "sax": ">=0.6.0",
                "xmlbuilder": "~9.0.1"
            }
        },
        "xmlbuilder": {
            "version": "9.0.7",
            "resolved": "http://localhost:4873/xmlbuilder/-/xmlbuilder-9.0.7.tgz",
            "integrity": "sha1-Ey7mPS7FVlxVfiD0wi35rKaGsQ0="
        }
    }
}
